
Microsoft Visual Studio Solution File, Format Version 12.00
# Visual Studio Version 17
VisualStudioVersion = 17.9.34616.47
MinimumVisualStudioVersion = 10.0.40219.1
Project("{8BC9CEB8-8B4A-11D0-8D11-00A0C91BC942}") = "StreamReaderAndWritter_0187", "StreamReaderAndWritter_0187.vcxproj", "{AE07B981-369A-4D65-84D6-B439369D32DD}"
EndProject
Project("{8BC9CEB8-8B4A-11D0-8D11-00A0C91BC942}") = "lofilepath", "lofilepath\lofilepath.vcxproj", "{1732BA11-AB91-4157-8DAD-F9AFD820CD00}"
EndProject
Global
	GlobalSection(SolutionConfigurationPlatforms) = preSolution
		Debug|x64 = Debug|x64
		Debug|x86 = Debug|x86
		Release|x64 = Release|x64
		Release|x86 = Release|x86
	EndGlobalSection
	GlobalSection(ProjectConfigurationPlatforms) = postSolution
		{AE07B981-369A-4D65-84D6-B439369D32DD}.Debug|x64.ActiveCfg = Debug|x64
		{AE07B981-369A-4D65-84D6-B439369D32DD}.Debug|x64.Build.0 = Debug|x64
		{AE07B981-369A-4D65-84D6-B439369D32DD}.Debug|x86.ActiveCfg = Debug|Win32
		{AE07B981-369A-4D65-84D6-B439369D32DD}.Debug|x86.Build.0 = Debug|Win32
		{AE07B981-369A-4D65-84D6-B439369D32DD}.Release|x64.ActiveCfg = Release|x64
		{AE07B981-369A-4D65-84D6-B439369D32DD}.Release|x64.Build.0 = Release|x64
		{AE07B981-369A-4D65-84D6-B439369D32DD}.Release|x86.ActiveCfg = Release|Win32
		{AE07B981-369A-4D65-84D6-B439369D32DD}.Release|x86.Build.0 = Release|Win32
		{1732BA11-AB91-4157-8DAD-F9AFD820CD00}.Debug|x64.ActiveCfg = Debug|x64
		{1732BA11-AB91-4157-8DAD-F9AFD820CD00}.Debug|x64.Build.0 = Debug|x64
		{1732BA11-AB91-4157-8DAD-F9AFD820CD00}.Debug|x86.ActiveCfg = Debug|Win32
		{1732BA11-AB91-4157-8DAD-F9AFD820CD00}.Debug|x86.Build.0 = Debug|Win32
		{1732BA11-AB91-4157-8DAD-F9AFD820CD00}.Release|x64.ActiveCfg = Release|x64
		{1732BA11-AB91-4157-8DAD-F9AFD820CD00}.Release|x64.Build.0 = Release|x64
		{1732BA11-AB91-4157-8DAD-F9AFD820CD00}.Release|x86.ActiveCfg = Release|Win32
		{1732BA11-AB91-4157-8DAD-F9AFD820CD00}.Release|x86.Build.0 = Release|Win32
	EndGlobalSection
	GlobalSection(SolutionProperties) = preSolution
		HideSolutionNode = FALSE
	EndGlobalSection
	GlobalSection(ExtensibilityGlobals) = postSolution
		SolutionGuid = {39FA76F0-59F9-4C2E-A84F-35D743485D5B}
	EndGlobalSection
EndGlobal
